Microsoft Visual Studio Solution File, Format Version 12.00
# Visual Studio 2012
Project("{FAE04EC0-301F-11D3-BF4B-00C04F79EFBC}") = "godot-grid-node-2d", "godot-grid-node-2d.csproj", "{7B752B6D-99B8-4623-A101-0FED858AB03D}"
EndProject
Global
	GlobalSection(SolutionConfigurationPlatforms) = preSolution
	Debug|Any CPU = Debug|Any CPU
	ExportDebug|Any CPU = ExportDebug|Any CPU
	ExportRelease|Any CPU = ExportRelease|Any CPU
	EndGlobalSection
	GlobalSection(ProjectConfigurationPlatforms) = postSolution
		{7B752B6D-99B8-4623-A101-0FED858AB03D}.Debug|Any CPU.ActiveCfg = Debug|Any CPU
		{7B752B6D-99B8-4623-A101-0FED858AB03D}.Debug|Any CPU.Build.0 = Debug|Any CPU
		{7B752B6D-99B8-4623-A101-0FED858AB03D}.ExportDebug|Any CPU.ActiveCfg = ExportDebug|Any CPU
		{7B752B6D-99B8-4623-A101-0FED858AB03D}.ExportDebug|Any CPU.Build.0 = ExportDebug|Any CPU
		{7B752B6D-99B8-4623-A101-0FED858AB03D}.ExportRelease|Any CPU.ActiveCfg = ExportRelease|Any CPU
		{7B752B6D-99B8-4623-A101-0FED858AB03D}.ExportRelease|Any CPU.Build.0 = ExportRelease|Any CPU
	EndGlobalSection
EndGlobal
